
Microsoft Visual Studio Solution File, Format Version 12.00
# Visual Studio Version 17
VisualStudioVersion = 17.11.35327.3
MinimumVisualStudioVersion = 10.0.40219.1
Project("{FAE04EC0-301F-11D3-BF4B-00C04F79EFBC}") = "LoginRegisterServer", "LoginRegisterServer\LoginRegisterServer.csproj", "{B21DB532-DB3E-4AE4-A84D-44A622942D7C}"
EndProject
Global
	GlobalSection(SolutionConfigurationPlatforms) = preSolution
		Debug|Any CPU = Debug|Any CPU
		Release|Any CPU = Release|Any CPU
	EndGlobalSection
	GlobalSection(ProjectConfigurationPlatforms) = postSolution
		{B21DB532-DB3E-4AE4-A84D-44A622942D7C}.Debug|Any CPU.ActiveCfg = Debug|Any CPU
		{B21DB532-DB3E-4AE4-A84D-44A622942D7C}.Debug|Any CPU.Build.0 = Debug|Any CPU
		{B21DB532-DB3E-4AE4-A84D-44A622942D7C}.Release|Any CPU.ActiveCfg = Release|Any CPU
		{B21DB532-DB3E-4AE4-A84D-44A622942D7C}.Release|Any CPU.Build.0 = Release|Any CPU
	EndGlobalSection
	GlobalSection(SolutionProperties) = preSolution
		HideSolutionNode = FALSE
	EndGlobalSection
	GlobalSection(ExtensibilityGlobals) = postSolution
		SolutionGuid = {B4D49388-C377-45EA-A43F-EBD0DE57801C}
	EndGlobalSection
EndGlobal
